
Microsoft Visual Studio Solution File, Format Version 12.00
# Visual Studio Version 17
VisualStudioVersion = 17.0.31903.59
MinimumVisualStudioVersion = 10.0.40219.1
Project("{FAE04EC0-301F-11D3-BF4B-00C04F79EFBC}") = "api", "api\api.csproj", "{53E12B28-9E9E-4239-A494-9D08D31A7404}"
EndProject
Project("{FAE04EC0-301F-11D3-BF4B-00C04F79EFBC}") = "dataaccess", "dataaccess\dataaccess.csproj", "{36B7E471-5478-4768-9969-AB43AB0E5608}"
EndProject
Project("{2150E333-8FDC-42A3-9474-1A3956D46DE8}") = "tests", "tests", "{0AB3BF05-4346-4AA6-1389-037BE0695223}"
EndProject
Project("{FAE04EC0-301F-11D3-BF4B-00C04F79EFBC}") = "MyProject.Tests", "tests\MyProject.Tests.csproj", "{AD282365-A58A-4553-A19A-C2A0CBAB4777}"
EndProject
Global
	GlobalSection(SolutionConfigurationPlatforms) = preSolution
		Debug|Any CPU = Debug|Any CPU
		Debug|x64 = Debug|x64
		Debug|x86 = Debug|x86
		Release|Any CPU = Release|Any CPU
		Release|x64 = Release|x64
		Release|x86 = Release|x86
	EndGlobalSection
	GlobalSection(ProjectConfigurationPlatforms) = postSolution
		{53E12B28-9E9E-4239-A494-9D08D31A7404}.Debug|Any CPU.ActiveCfg = Debug|Any CPU
		{53E12B28-9E9E-4239-A494-9D08D31A7404}.Debug|Any CPU.Build.0 = Debug|Any CPU
		{53E12B28-9E9E-4239-A494-9D08D31A7404}.Debug|x64.ActiveCfg = Debug|Any CPU
		{53E12B28-9E9E-4239-A494-9D08D31A7404}.Debug|x64.Build.0 = Debug|Any CPU
		{53E12B28-9E9E-4239-A494-9D08D31A7404}.Debug|x86.ActiveCfg = Debug|Any CPU
		{53E12B28-9E9E-4239-A494-9D08D31A7404}.Debug|x86.Build.0 = Debug|Any CPU
		{53E12B28-9E9E-4239-A494-9D08D31A7404}.Release|Any CPU.ActiveCfg = Release|Any CPU
		{53E12B28-9E9E-4239-A494-9D08D31A7404}.Release|Any CPU.Build.0 = Release|Any CPU
		{53E12B28-9E9E-4239-A494-9D08D31A7404}.Release|x64.ActiveCfg = Release|Any CPU
		{53E12B28-9E9E-4239-A494-9D08D31A7404}.Release|x64.Build.0 = Release|Any CPU
		{53E12B28-9E9E-4239-A494-9D08D31A7404}.Release|x86.ActiveCfg = Release|Any CPU
		{53E12B28-9E9E-4239-A494-9D08D31A7404}.Release|x86.Build.0 = Release|Any CPU
		{36B7E471-5478-4768-9969-AB43AB0E5608}.Debug|Any CPU.ActiveCfg = Debug|Any CPU
		{36B7E471-5478-4768-9969-AB43AB0E5608}.Debug|Any CPU.Build.0 = Debug|Any CPU
		{36B7E471-5478-4768-9969-AB43AB0E5608}.Debug|x64.ActiveCfg = Debug|Any CPU
		{36B7E471-5478-4768-9969-AB43AB0E5608}.Debug|x64.Build.0 = Debug|Any CPU
		{36B7E471-5478-4768-9969-AB43AB0E5608}.Debug|x86.ActiveCfg = Debug|Any CPU
		{36B7E471-5478-4768-9969-AB43AB0E5608}.Debug|x86.Build.0 = Debug|Any CPU
		{36B7E471-5478-4768-9969-AB43AB0E5608}.Release|Any CPU.ActiveCfg = Release|Any CPU
		{36B7E471-5478-4768-9969-AB43AB0E5608}.Release|Any CPU.Build.0 = Release|Any CPU
		{36B7E471-5478-4768-9969-AB43AB0E5608}.Release|x64.ActiveCfg = Release|Any CPU
		{36B7E471-5478-4768-9969-AB43AB0E5608}.Release|x64.Build.0 = Release|Any CPU
		{36B7E471-5478-4768-9969-AB43AB0E5608}.Release|x86.ActiveCfg = Release|Any CPU
		{36B7E471-5478-4768-9969-AB43AB0E5608}.Release|x86.Build.0 = Release|Any CPU
		{AD282365-A58A-4553-A19A-C2A0CBAB4777}.Debug|Any CPU.ActiveCfg = Debug|Any CPU
		{AD282365-A58A-4553-A19A-C2A0CBAB4777}.Debug|Any CPU.Build.0 = Debug|Any CPU
		{AD282365-A58A-4553-A19A-C2A0CBAB4777}.Debug|x64.ActiveCfg = Debug|Any CPU
		{AD282365-A58A-4553-A19A-C2A0CBAB4777}.Debug|x64.Build.0 = Debug|Any CPU
		{AD282365-A58A-4553-A19A-C2A0CBAB4777}.Debug|x86.ActiveCfg = Debug|Any CPU
		{AD282365-A58A-4553-A19A-C2A0CBAB4777}.Debug|x86.Build.0 = Debug|Any CPU
		{AD282365-A58A-4553-A19A-C2A0CBAB4777}.Release|Any CPU.ActiveCfg = Release|Any CPU
		{AD282365-A58A-4553-A19A-C2A0CBAB4777}.Release|Any CPU.Build.0 = Release|Any CPU
		{AD282365-A58A-4553-A19A-C2A0CBAB4777}.Release|x64.ActiveCfg = Release|Any CPU
		{AD282365-A58A-4553-A19A-C2A0CBAB4777}.Release|x64.Build.0 = Release|Any CPU
		{AD282365-A58A-4553-A19A-C2A0CBAB4777}.Release|x86.ActiveCfg = Release|Any CPU
		{AD282365-A58A-4553-A19A-C2A0CBAB4777}.Release|x86.Build.0 = Release|Any CPU
	EndGlobalSection
	GlobalSection(SolutionProperties) = preSolution
		HideSolutionNode = FALSE
	EndGlobalSection
	GlobalSection(NestedProjects) = preSolution
		{AD282365-A58A-4553-A19A-C2A0CBAB4777} = {0AB3BF05-4346-4AA6-1389-037BE0695223}
	EndGlobalSection
EndGlobal
